<?xml version="1.0" encoding="UTF-8" standalone="yes" ?>
<CodeBlocks_project_file>
	<FileVersion major="1" minor="6" />
	<Project>
		<Option title="libproton" />
		<Option makefile_is_custom="1" />
		<Option pch_mode="2" />
		<Option compiler="gcc" />
		<Build>
			<Target title="Debug">
				<Option output="libproton" prefix_auto="1" extension_auto="1" />
				<Option working_dir="" />
				<Option object_output="obj\Debug\" />
				<Option type="2" />
				<Option compiler="gcc" />
				<Option createDefFile="1" />
				<Compiler>
					<Add option="-Wall" />
					<Add option="-g" />
				</Compiler>
			</Target>
			<Target title="Release">
				<Option output="libproton" prefix_auto="1" extension_auto="1" />
				<Option working_dir="" />
				<Option object_output="obj\Release\" />
				<Option type="2" />
				<Option compiler="gcc" />
				<Option createDefFile="1" />
				<Compiler>
					<Add option="-Wall" />
					<Add option="-O2" />
				</Compiler>
				<Linker>
					<Add option="-s" />
				</Linker>
			</Target>
		</Build>
		<Compiler>
			<Add directory="D:\projects\gcc\libproton\include" />
		</Compiler>
		<Unit filename="AUTHORS" />
		<Unit filename="COPYING" />
		<Unit filename="ChangeLog" />
		<Unit filename="Makefile.am" />
		<Unit filename="NEWS" />
		<Unit filename="README" />
		<Unit filename="bootstrap.sh" />
		<Unit filename="configure.ac" />
		<Unit filename="dox\Doxyfile" />
		<Unit filename="include\proton\_mapped_type.hpp" />
		<Unit filename="include\proton\base.hpp" />
		<Unit filename="include\proton\detail\atomic.hpp" />
		<Unit filename="include\proton\detail\unit_test.hpp" />
		<Unit filename="include\proton\getopt.hpp" />
		<Unit filename="include\proton\list.hpp" />
		<Unit filename="include\proton\map.hpp" />
		<Unit filename="include\proton\pool.hpp" />
		<Unit filename="include\proton\ref.hpp" />
		<Unit filename="include\proton\set.hpp" />
		<Unit filename="include\proton\string.hpp" />
		<Unit filename="include\proton\unordered_map.hpp" />
		<Unit filename="include\proton\unordered_set.hpp" />
		<Unit filename="include\proton\vector.hpp" />
		<Unit filename="src\Makefile.am" />
		<Unit filename="src\base.cpp" />
		<Unit filename="src\pool.cpp" />
		<Unit filename="test\Makefile.am" />
		<Unit filename="test\base_test.cpp" />
		<Unit filename="test\pool_ut.cpp" />
		<Unit filename="test\test.cpp" />
		<Extensions>
			<code_completion />
			<debugger />
			<lib_finder disable_auto="1" />
		</Extensions>
	</Project>
</CodeBlocks_project_file>
